
Microsoft Visual Studio Solution File, Format Version 12.00
# Visual Studio Version 16
VisualStudioVersion = 16.0.31105.61
MinimumVisualStudioVersion = 10.0.40219.1
Project("{FAE04EC0-301F-11D3-BF4B-00C04F79EFBC}") = "Hianyzasok", "Hianyzasok\Hianyzasok.csproj", "{FA872299-A4A1-4383-8968-7BFA8D208059}"
EndProject
Global
	GlobalSection(SolutionConfigurationPlatforms) = preSolution
		Debug|Any CPU = Debug|Any CPU
		Release|Any CPU = Release|Any CPU
	EndGlobalSection
	GlobalSection(ProjectConfigurationPlatforms) = postSolution
		{FA872299-A4A1-4383-8968-7BFA8D208059}.Debug|Any CPU.ActiveCfg = Debug|Any CPU
		{FA872299-A4A1-4383-8968-7BFA8D208059}.Debug|Any CPU.Build.0 = Debug|Any CPU
		{FA872299-A4A1-4383-8968-7BFA8D208059}.Release|Any CPU.ActiveCfg = Release|Any CPU
		{FA872299-A4A1-4383-8968-7BFA8D208059}.Release|Any CPU.Build.0 = Release|Any CPU
	EndGlobalSection
	GlobalSection(SolutionProperties) = preSolution
		HideSolutionNode = FALSE
	EndGlobalSection
	GlobalSection(ExtensibilityGlobals) = postSolution
		SolutionGuid = {C6682D81-99BD-4B46-B0BF-5A9FFB83917A}
	EndGlobalSection
EndGlobal
